
Microsoft Visual Studio Solution File, Format Version 12.00
Project("{FAE04EC0-301F-11D3-BF4B-00C04F79EFBC}") = "TopInterview150", "TopInterview150\TopInterview150.csproj", "{834139BD-28F0-4553-A857-D9FEE26D2CAF}"
EndProject
Project("{FAE04EC0-301F-11D3-BF4B-00C04F79EFBC}") = "DynamicProgramming", "DynamicProgramming\DynamicProgramming.csproj", "{34D4BD19-A55D-4FD3-A5F1-A4175D293FE6}"
EndProject
Global
	GlobalSection(SolutionConfigurationPlatforms) = preSolution
		Debug|Any CPU = Debug|Any CPU
		Release|Any CPU = Release|Any CPU
	EndGlobalSection
	GlobalSection(ProjectConfigurationPlatforms) = postSolution
		{834139BD-28F0-4553-A857-D9FEE26D2CAF}.Debug|Any CPU.ActiveCfg = Debug|Any CPU
		{834139BD-28F0-4553-A857-D9FEE26D2CAF}.Debug|Any CPU.Build.0 = Debug|Any CPU
		{834139BD-28F0-4553-A857-D9FEE26D2CAF}.Release|Any CPU.ActiveCfg = Release|Any CPU
		{834139BD-28F0-4553-A857-D9FEE26D2CAF}.Release|Any CPU.Build.0 = Release|Any CPU
		{34D4BD19-A55D-4FD3-A5F1-A4175D293FE6}.Debug|Any CPU.ActiveCfg = Debug|Any CPU
		{34D4BD19-A55D-4FD3-A5F1-A4175D293FE6}.Debug|Any CPU.Build.0 = Debug|Any CPU
		{34D4BD19-A55D-4FD3-A5F1-A4175D293FE6}.Release|Any CPU.ActiveCfg = Release|Any CPU
		{34D4BD19-A55D-4FD3-A5F1-A4175D293FE6}.Release|Any CPU.Build.0 = Release|Any CPU
	EndGlobalSection
EndGlobal
